Microsoft Visual Studio Solution File, Format Version 11.00
# Visual Studio 2008

Project("{6038CE06-02EE-E2BA-42C8-FB913BFA9FFD}") = "Projet Unity 1", "Assembly-CSharp-firstpass.csproj", "{04A408AC-3677-E497-BE99-5B61DF9489AE}"
EndProject
Project("{6038CE06-02EE-E2BA-42C8-FB913BFA9FFD}") = "Projet Unity 1", "Assembly-CSharp-Editor.csproj", "{0274F00B-7973-3439-CC24-59323E73825A}"
EndProject
Global
	GlobalSection(SolutionConfigurationPlatforms) = preSolution
		Debug|Any CPU = Debug|Any CPU
		Release|Any CPU = Release|Any CPU
	EndGlobalSection
	GlobalSection(ProjectConfigurationPlatforms) = postSolution
		{04A408AC-3677-E497-BE99-5B61DF9489AE}.Debug|Any CPU.ActiveCfg = Debug|Any CPU
		{04A408AC-3677-E497-BE99-5B61DF9489AE}.Debug|Any CPU.Build.0 = Debug|Any CPU
		{04A408AC-3677-E497-BE99-5B61DF9489AE}.Release|Any CPU.ActiveCfg = Release|Any CPU
		{04A408AC-3677-E497-BE99-5B61DF9489AE}.Release|Any CPU.Build.0 = Release|Any CPU
		{0274F00B-7973-3439-CC24-59323E73825A}.Debug|Any CPU.ActiveCfg = Debug|Any CPU
		{0274F00B-7973-3439-CC24-59323E73825A}.Debug|Any CPU.Build.0 = Debug|Any CPU
		{0274F00B-7973-3439-CC24-59323E73825A}.Release|Any CPU.ActiveCfg = Release|Any CPU
		{0274F00B-7973-3439-CC24-59323E73825A}.Release|Any CPU.Build.0 = Release|Any CPU
	EndGlobalSection
	GlobalSection(SolutionProperties) = preSolution
		HideSolutionNode = FALSE
	EndGlobalSection
	GlobalSection(MonoDevelopProperties) = preSolution
		StartupItem = Assembly-CSharp.csproj
	EndGlobalSection
EndGlobal
